<?xml version="1.0" encoding="utf-8"?>
<Project ToolsVersion="4.0" xmlns="http://schemas.microsoft.com/developer/msbuild/2003">
  <ItemGroup>
    <ClCompile Include="Core.cpp">
      <Filter>Source Files</Filter>
    </ClCompile>
    <ClCompile Include="main.cpp">
      <Filter>Source Files</Filter>
    </ClCompile>
    <ClCompile Include="AnimatedSprite.cpp">
      <Filter>Source Files\Drawable</Filter>
    </ClCompile>
    <ClCompile Include="Collider.cpp">
      <Filter>Source Files\Objects</Filter>
    </ClCompile>
    <ClCompile Include="CollisionManager.cpp">
      <Filter>Source Files\Managers</Filter>
    </ClCompile>
    <ClCompile Include="DrawManager.cpp">
      <Filter>Source Files\Managers</Filter>
    </ClCompile>
    <ClCompile Include="EnemyFishObject.cpp">
      <Filter>Source Files\Objects</Filter>
    </ClCompile>
    <ClCompile Include="FishObject.cpp">
      <Filter>Source Files\Objects</Filter>
    </ClCompile>
    <ClCompile Include="GameObject.cpp">
      <Filter>Source Files\Objects</Filter>
    </ClCompile>
    <ClCompile Include="StateManager.cpp">
      <Filter>Source Files\Managers</Filter>
    </ClCompile>
    <ClCompile Include="SpriteManager.cpp">
      <Filter>Source Files\Managers</Filter>
    </ClCompile>
    <ClCompile Include="SoundManager.cpp">
      <Filter>Source Files\Managers</Filter>
    </ClCompile>
    <ClCompile Include="InputManager.cpp">
      <Filter>Source Files\Managers</Filter>
    </ClCompile>
    <ClCompile Include="GameObjectManager.cpp">
      <Filter>Source Files\Managers</Filter>
    </ClCompile>
    <ClCompile Include="GameState.cpp">
      <Filter>Source Files\States</Filter>
    </ClCompile>
    <ClCompile Include="OptionState.cpp">
      <Filter>Source Files\States</Filter>
    </ClCompile>
    <ClCompile Include="StartState.cpp">
      <Filter>Source Files\States</Filter>
    </ClCompile>
    <ClCompile Include="stdafx.cpp">
      <Filter>Source Files\Utilities</Filter>
    </ClCompile>
    <ClCompile Include="PlayerFishObject.cpp">
      <Filter>Source Files\Objects</Filter>
    </ClCompile>
    <ClCompile Include="PowerupObject.cpp">
      <Filter>Source Files\Objects</Filter>
    </ClCompile>
    <ClCompile Include="Level.cpp">
      <Filter>Source Files\Drawable</Filter>
    </ClCompile>
    <ClCompile Include="Slider.cpp">
      <Filter>Source Files\Drawable</Filter>
    </ClCompile>
    <ClCompile Include="Sprite.cpp">
      <Filter>Source Files\Drawable</Filter>
    </ClCompile>
    <ClCompile Include="Button.cpp">
      <Filter>Source Files\Drawable</Filter>
    </ClCompile>
    <ClCompile Include="LightSource.cpp" />
    <ClCompile Include="Camera.cpp" />
    <ClCompile Include="IdleState.cpp">
      <Filter>Source Files\AI FSM</Filter>
    </ClCompile>
    <ClCompile Include="AIGlobalState.cpp">
      <Filter>Source Files\AI FSM</Filter>
    </ClCompile>
    <ClCompile Include="ScaredState.cpp">
      <Filter>Source Files\AI FSM</Filter>
    </ClCompile>
    <ClCompile Include="EndState.cpp" />
  </ItemGroup>
  <ItemGroup>
    <ClInclude Include="Core.h">
      <Filter>Header Files</Filter>
    </ClInclude>
    <ClInclude Include="StateManager.h">
      <Filter>Header Files\Managers</Filter>
    </ClInclude>
    <ClInclude Include="SpriteManager.h">
      <Filter>Header Files\Managers</Filter>
    </ClInclude>
    <ClInclude Include="SoundManager.h">
      <Filter>Header Files\Managers</Filter>
    </ClInclude>
    <ClInclude Include="InputManager.h">
      <Filter>Header Files\Managers</Filter>
    </ClInclude>
    <ClInclude Include="GameObjectManager.h">
      <Filter>Header Files\Managers</Filter>
    </ClInclude>
    <ClInclude Include="CollisionManager.h">
      <Filter>Header Files\Managers</Filter>
    </ClInclude>
    <ClInclude Include="State.h">
      <Filter>Header Files\States</Filter>
    </ClInclude>
    <ClInclude Include="StartState.h">
      <Filter>Header Files\States</Filter>
    </ClInclude>
    <ClInclude Include="GameState.h">
      <Filter>Header Files\States</Filter>
    </ClInclude>
    <ClInclude Include="OptionState.h">
      <Filter>Header Files\States</Filter>
    </ClInclude>
    <ClInclude Include="EnemyFishObject.h">
      <Filter>Header Files\Objects</Filter>
    </ClInclude>
    <ClInclude Include="FishObject.h">
      <Filter>Header Files\Objects</Filter>
    </ClInclude>
    <ClInclude Include="PlayerFishObject.h">
      <Filter>Header Files\Objects</Filter>
    </ClInclude>
    <ClInclude Include="PowerupObject.h">
      <Filter>Header Files\Objects</Filter>
    </ClInclude>
    <ClInclude Include="DrawManager.h">
      <Filter>Header Files\Managers</Filter>
    </ClInclude>
    <ClInclude Include="Collider.h">
      <Filter>Header Files\Objects</Filter>
    </ClInclude>
    <ClInclude Include="Geographics.h">
      <Filter>Header Files\Utilities</Filter>
    </ClInclude>
    <ClInclude Include="stdafx.h">
      <Filter>Header Files\Utilities</Filter>
    </ClInclude>
    <ClInclude Include="GameObject.h">
      <Filter>Header Files\Objects</Filter>
    </ClInclude>
    <ClInclude Include="LightSource.h" />
    <ClInclude Include="Camera.h" />
    <ClInclude Include="AnimatedSprite.h">
      <Filter>Header Files\Drawable</Filter>
    </ClInclude>
    <ClInclude Include="Button.h">
      <Filter>Header Files\Drawable</Filter>
    </ClInclude>
    <ClInclude Include="Level.h">
      <Filter>Header Files\Drawable</Filter>
    </ClInclude>
    <ClInclude Include="Slider.h">
      <Filter>Header Files\Drawable</Filter>
    </ClInclude>
    <ClInclude Include="Sprite.h">
      <Filter>Header Files\Drawable</Filter>
    </ClInclude>
    <ClInclude Include="AIState.h">
      <Filter>Header Files\AI FSM</Filter>
    </ClInclude>
    <ClInclude Include="IdleState.h">
      <Filter>Header Files\AI FSM</Filter>
    </ClInclude>
    <ClInclude Include="AIStateMachine.h">
      <Filter>Header Files\AI FSM</Filter>
    </ClInclude>
    <ClInclude Include="AIGlobalState.h">
      <Filter>Header Files\AI FSM</Filter>
    </ClInclude>
    <ClInclude Include="ScaredState.h">
      <Filter>Header Files\AI FSM</Filter>
    </ClInclude>
    <ClInclude Include="EndState.h" />
  </ItemGroup>
  <ItemGroup>
    <Text Include="ReadMe.txt" />
  </ItemGroup>
  <ItemGroup>
    <Filter Include="Source Files">
      <UniqueIdentifier>{aab60714-b7b4-4ed6-9e07-c4e142540dc1}</UniqueIdentifier>
    </Filter>
    <Filter Include="Header Files">
      <UniqueIdentifier>{7962daff-09da-4673-beb6-ccaf65ebf45e}</UniqueIdentifier>
    </Filter>
    <Filter Include="Header Files\Managers">
      <UniqueIdentifier>{91cc6e9a-d465-4494-bfee-fc865f7cd5e0}</UniqueIdentifier>
    </Filter>
    <Filter Include="Header Files\States">
      <UniqueIdentifier>{8734436d-93d8-49bc-8052-f6854c942004}</UniqueIdentifier>
    </Filter>
    <Filter Include="Header Files\Objects">
      <UniqueIdentifier>{b60221ff-c284-43bc-9a4e-f380caac1d17}</UniqueIdentifier>
    </Filter>
    <Filter Include="Header Files\Utilities">
      <UniqueIdentifier>{1c2cdfa3-e8ef-4f87-8810-8ec9321fed02}</UniqueIdentifier>
    </Filter>
    <Filter Include="Header Files\Drawable">
      <UniqueIdentifier>{cbf34523-72d9-47f1-badf-86cc88df27be}</UniqueIdentifier>
    </Filter>
    <Filter Include="Source Files\Managers">
      <UniqueIdentifier>{981671ab-a3a2-4360-9e83-248b6d19b046}</UniqueIdentifier>
    </Filter>
    <Filter Include="Source Files\Drawable">
      <UniqueIdentifier>{24b2a922-e1c4-4177-8a61-28b33d31777e}</UniqueIdentifier>
    </Filter>
    <Filter Include="Source Files\Utilities">
      <UniqueIdentifier>{a368d67b-08c1-4d15-9b3a-adcfd631133e}</UniqueIdentifier>
    </Filter>
    <Filter Include="Source Files\Objects">
      <UniqueIdentifier>{25a69e3e-d106-4efa-b965-c42c6b3f7be7}</UniqueIdentifier>
    </Filter>
    <Filter Include="Source Files\States">
      <UniqueIdentifier>{ca146c5a-277c-4302-bc20-16e51c50bd88}</UniqueIdentifier>
    </Filter>
    <Filter Include="Header Files\AI FSM">
      <UniqueIdentifier>{74486788-5914-44ad-a72f-faa0d0b34ffa}</UniqueIdentifier>
    </Filter>
    <Filter Include="Source Files\AI FSM">
      <UniqueIdentifier>{88865b27-3ce4-4d63-a675-0eea178c7139}</UniqueIdentifier>
    </Filter>
  </ItemGroup>
</Project>